{
  "requires": true,
  "lockfileVersion": 1,
  "dependencies": {
    "uglify-js": {
      "version": "3.18.0",
      "resolved": "https://registry.npmjs.org/uglify-js/-/uglify-js-3.18.0.tgz",
      "integrity": "sha512-SyVVbcNBCk0dzr9XL/R/ySrmYf0s372K6/hFklzgcp2lBFyXtw4I7BOdDjlLhE1aVqaI/SHWXWmYdlZxuyF38A=="
    },
    "webcam-easy": {
      "version": "1.1.1",
      "resolved": "https://registry.npmjs.org/webcam-easy/-/webcam-easy-1.1.1.tgz",
      "integrity": "sha512-L2/tXBpWCdZAXI7s5SWB0BICiDATih9OHIhIZpkCWJX4lENF0UTsnqztAb+c0XPy63HoiLUpCHRhdMFaospzGw==",
      "requires": {
        "uglify-js": "^3.17.4"
      }
    }
  }
}
